
Microsoft Visual Studio Solution File, Format Version 12.00
# Visual Studio Version 17
VisualStudioVersion = 17.2.32630.192
MinimumVisualStudioVersion = 10.0.40219.1
Project("{9A19103F-16F7-4668-BE54-9A1E7A4F7556}") = "RestfulAPI", "RestfulAPI.csproj", "{1A865658-F498-426F-ADD6-DF6825503ADE}"
EndProject
Global
	GlobalSection(SolutionConfigurationPlatforms) = preSolution
		Debug|Any CPU = Debug|Any CPU
		Release|Any CPU = Release|Any CPU
	EndGlobalSection
	GlobalSection(ProjectConfigurationPlatforms) = postSolution
		{1A865658-F498-426F-ADD6-DF6825503ADE}.Debug|Any CPU.ActiveCfg = Debug|Any CPU
		{1A865658-F498-426F-ADD6-DF6825503ADE}.Debug|Any CPU.Build.0 = Debug|Any CPU
		{1A865658-F498-426F-ADD6-DF6825503ADE}.Release|Any CPU.ActiveCfg = Release|Any CPU
		{1A865658-F498-426F-ADD6-DF6825503ADE}.Release|Any CPU.Build.0 = Release|Any CPU
	EndGlobalSection
	GlobalSection(SolutionProperties) = preSolution
		HideSolutionNode = FALSE
	EndGlobalSection
	GlobalSection(ExtensibilityGlobals) = postSolution
		SolutionGuid = {99540272-7364-41B6-8EE4-396E9A93CF11}
	EndGlobalSection
EndGlobal
